PODS:
  - Masonry (1.1.0)
  - ReactiveCocoa (2.4.7):
    - ReactiveCocoa/UI (= 2.4.7)
  - ReactiveCocoa/Core (2.4.7):
    - ReactiveCocoa/no-arc
  - ReactiveCocoa/no-arc (2.4.7)
  - ReactiveCocoa/UI (2.4.7):
    - ReactiveCocoa/Core
  - SDWebImage (4.4.1):
    - SDWebImage/Core (= 4.4.1)
  - SDWebImage/Core (4.4.1)
  - YYKit (1.0.9):
    - YYKit/no-arc (= 1.0.9)
  - YYKit/no-arc (1.0.9)

DEPENDENCIES:
  - Masonry
  - ReactiveCocoa (~> 2.4.5)
  - SDWebImage
  - YYKit

SPEC REPOS:
  https://github.com/cocoapods/specs.git:
    - Masonry
    - ReactiveCocoa
    - SDWebImage
    - YYKit

SPEC CHECKSUMS:
  Masonry: 678fab65091a9290e40e2832a55e7ab731aad201
  ReactiveCocoa: eb38dee0a0e698f73a9b25e5c1faea2bb4c79240
  SDWebImage: 47e9b5b925cbce75946c23f0c42dd19464189af4
  YYKit: 7cda43304a8dc3696c449041e2cb3107b4e236e7

PODFILE CHECKSUM: 4c7404d7d2b74af1765ca9163002630027fd3ccb

COCOAPODS: 1.5.3
